
Microsoft Visual Studio Solution File, Format Version 12.00
# Visual Studio 15
VisualStudioVersion = 15.0.27130.2010
MinimumVisualStudioVersion = 10.0.40219.1
Project("{FAE04EC0-301F-11D3-BF4B-00C04F79EFBC}") = "CSharp_ASP_Game_DBServer", "CSharp_ASP_Game_DBServer\CSharp_ASP_Game_DBServer.csproj", "{387D4B84-BBA3-409E-B8E9-938077B86134}"
EndProject
Global
	GlobalSection(SolutionConfigurationPlatforms) = preSolution
		Debug|Any CPU = Debug|Any CPU
		Release|Any CPU = Release|Any CPU
	EndGlobalSection
	GlobalSection(ProjectConfigurationPlatforms) = postSolution
		{387D4B84-BBA3-409E-B8E9-938077B86134}.Debug|Any CPU.ActiveCfg = Debug|Any CPU
		{387D4B84-BBA3-409E-B8E9-938077B86134}.Debug|Any CPU.Build.0 = Debug|Any CPU
		{387D4B84-BBA3-409E-B8E9-938077B86134}.Release|Any CPU.ActiveCfg = Release|Any CPU
		{387D4B84-BBA3-409E-B8E9-938077B86134}.Release|Any CPU.Build.0 = Release|Any CPU
	EndGlobalSection
	GlobalSection(SolutionProperties) = preSolution
		HideSolutionNode = FALSE
	EndGlobalSection
	GlobalSection(ExtensibilityGlobals) = postSolution
		SolutionGuid = {1B4CD00B-35B0-431B-BF6C-EACFB96BCF44}
	EndGlobalSection
EndGlobal
